hash: 6abe174ae032af3fc2b6d8f4d012e166dabfcea6041735355d9cee6afd540ab5
updated: 2019-06-19T16:29:33.6950658+03:00
imports:
- name: github.com/eladSalti/go_test-t
  version: 99cfd8b223c5d556906145bbbb0b3100bbcfb8f2
- name: github.com/garyburd/redigo
  version: 569eae59ada904ea8db7a225c2b47165af08735a
  subpackages:
  - internal
  - redis
- name: github.com/google/go-querystring
  version: c8c88dbee036db4e4808d1f2ec8c2e15e11c3f80
  subpackages:
  - query
testImports: []
